github.com/aaronland/go-http-leaflet v0.5.0 h1:/T5LJR6iwfU/pAi33uz38TcaXu3iInw8AMSS/yVGLnY=
github.com/aaronland/go-http-leaflet v0.5.0/go.mod h1:Z8InoPjM29554d/zwW94coW2ibJwfVTuOWXmhCgU8rU=
github.com/aaronland/go-http-rewrite v1.1.1 h1:4dGa/E1GvsYRhoZTGb2UyXQjTy89j/e5Sgq/XnN2rm4=
github.com/aaronland/go-http-rewrite v1.1.1/go.mod h1:d6PZB5GIAlZeyvJTzeGkGnMPFc4UjhbNUHrXIeQgSJs=
github.com/aaronland/go-http-server v1.5.0 h1:5yEan85iJrECOHDVmDn/noU7vbDEN50aQR7gXbZpSf8=
github.com/aaronland/go-http-server v1.5.0/go.mod h1:BJqspPR3LgC3CReChGY9p783zzk5dDegDVNWwgHW2TM=
github.com/aaronland/go-http-static v0.0.4 h1:b/ZHghMr1dTDGa2q+TKjSZ1TPTRtuUon+IHkmtw1ctI=
github.com/aaronland/go-http-static v0.0.4/go.mod h1:GKVvX/sIA9pKzsF2bmPIBqpYDFD75jL6I9wrhjtNMos=
github.com/aaronland/go-roster v1.0.0 h1:FRDGrTqsYySKjWnAhbBGXyeGlI/o5/t9FZYCbUmyQtI=
github.com/aaronland/go-roster v1.0.0/go.mod h1:KIsYZgrJlAsyb9LsXSCvlqvbcCBVjCSqcQiZx42i9ro=
github.com/akrylysov/algnhsa v1.1.0 h1:G0SoP16tMRyiism7VNc3JFA0wq/cVgEkp/ExMVnc6PQ=
github.com/akrylysov/algnhsa v1.1.0/go.mod h1:+bOweRs/WBu5awl+ifCoSYAuKVPAmoTk8XOMrZ1xwiw=
github.com/aws/aws-lambda-go v1.47.0 h1:0H8s0vumYx/YKs4sE7YM0ktwL2eWse+kfopsRI1sXVI=
github.com/aws/aws-lambda-go v1.47.0/go.mod h1:dpMpZgvWx5vuQJfBt0zqBha60q7Dd7RfgJv23DymV8A=
github.com/davecgh/go-spew v1.1.1 h1:vj9j/u1bqnvCEfJOwUhtlOARqs3+rkHYY13jYWTU97c=
github.com/davecgh/go-spew v1.1.1/go.mod h1:J7Y8YcW2NihsgmVo/mv3lAwl/skON4iLHjSsI+c5H38=
github.com/pmezard/go-difflib v1.0.0 h1:4DBwDE0NGyQoBHbLQYPwSUPoCMWR5BEzIk/f1lZbAQM=
github.com/pmezard/go-difflib v1.0.0/go.mod h1:iKH77koFhYxTK1pcRnkKkqfTogsbg7gZNVY4sRDYZ/4=
github.com/sfomuseum/go-http-rollup v0.0.3 h1:N3CnjZluhzRhqPpdM+GTuzCnjM0V5xtPX+LeCgZWhTA=
github.com/sfomuseum/go-http-rollup v0.0.3/go.mod h1:oJTnBzj3afHHYtHSuG2yDD459ctZHwy3zlKtbJl/BTQ=
github.com/stretchr/testify v1.7.2 h1:4jaiDzPyXQvSd7D0EjG45355tLlV3VOECpq10pLC+8s=
github.com/stretchr/testify v1.7.2/go.mod h1:R6va5+xMeoiuVRoj+gSkQ7d3FALtqAAGI1FQKckRals=
github.com/tdewolff/minify/v2 v2.20.32 h1:rk4THvBPLEU+gGDKaJxyvFhF5+quSwCk3HKv1GpSVyE=
github.com/tdewolff/minify/v2 v2.20.32/go.mod h1:1TJni7+mATKu24cBQQpgwakrYRD27uC1/rdJOgdv8ns=
github.com/tdewolff/parse/v2 v2.7.14 h1:100KJ+QAO3PpMb3uUjzEU/NpmCdbBYz6KPmCIAfWpR8=
github.com/tdewolff/parse/v2 v2.7.14/go.mod h1:3FbJWZp3XT9OWVN3Hmfp0p/a08v4h8J9W1aghka0soA=
github.com/tdewolff/test v1.0.11-0.20231101010635-f1265d231d52/go.mod h1:6DAvZliBAAnD7rhVgwaM7DE5/d9NMOAJ09SqYqeK4QE=
github.com/tdewolff/test v1.0.11-0.20240106005702-7de5f7df4739 h1:IkjBCtQOOjIn03u/dMQK9g+Iw9ewps4mCl1nB8Sscbo=
github.com/tdewolff/test v1.0.11-0.20240106005702-7de5f7df4739/go.mod h1:XPuWBzvdUzhCuxWO1ojpXsyzsA5bFoS3tO/Q3kFuTG8=
golang.org/x/net v0.33.0 h1:74SYHlV8BIgHIFC/LrYkOGIwL19eTYXQ5wc6TBuO36I=
golang.org/x/net v0.33.0/go.mod h1:HXLR5J+9DxmrqMwG9qjGCxZ+zKXxBru04zlTvWlWuN4=
gopkg.in/yaml.v3 v3.0.1 h1:fxVm/GzAzEWqLHuvctI91KS9hhNmmWOoWu0XTYJS7CA=
gopkg.in/yaml.v3 v3.0.1/go.mod h1:K4uyk7z7BCEPqu6E+C64Yfv1cQ7kz7rIZviUmN+EgEM=
